
Microsoft Visual Studio Solution File, Format Version 12.00
# Visual Studio Version 16
VisualStudioVersion = 16.0.30320.27
MinimumVisualStudioVersion = 10.0.40219.1
Project("{FAE04EC0-301F-11D3-BF4B-00C04F79EFBC}") = "DigiKala", "DigiKala\DigiKala.csproj", "{0CD1BA50-1EDD-4BF3-800B-A90F31C56037}"
EndProject
Project("{FAE04EC0-301F-11D3-BF4B-00C04F79EFBC}") = "DigiKala.DataAccessLayer", "DigiKala.DataAccessLayer\DigiKala.DataAccessLayer.csproj", "{9FDECFB9-F2BF-4B24-B19E-9DFAC03D62B1}"
EndProject
Project("{FAE04EC0-301F-11D3-BF4B-00C04F79EFBC}") = "DigiKala.Core", "DigiKala.Core\DigiKala.Core.csproj", "{7F964B9A-A2C7-4BD6-BA7B-54C59E388BE3}"
EndProject
Global
	GlobalSection(SolutionConfigurationPlatforms) = preSolution
		Debug|Any CPU = Debug|Any CPU
		Release|Any CPU = Release|Any CPU
	EndGlobalSection
	GlobalSection(ProjectConfigurationPlatforms) = postSolution
		{0CD1BA50-1EDD-4BF3-800B-A90F31C56037}.Debug|Any CPU.ActiveCfg = Debug|Any CPU
		{0CD1BA50-1EDD-4BF3-800B-A90F31C56037}.Debug|Any CPU.Build.0 = Debug|Any CPU
		{0CD1BA50-1EDD-4BF3-800B-A90F31C56037}.Release|Any CPU.ActiveCfg = Release|Any CPU
		{0CD1BA50-1EDD-4BF3-800B-A90F31C56037}.Release|Any CPU.Build.0 = Release|Any CPU
		{9FDECFB9-F2BF-4B24-B19E-9DFAC03D62B1}.Debug|Any CPU.ActiveCfg = Debug|Any CPU
		{9FDECFB9-F2BF-4B24-B19E-9DFAC03D62B1}.Debug|Any CPU.Build.0 = Debug|Any CPU
		{9FDECFB9-F2BF-4B24-B19E-9DFAC03D62B1}.Release|Any CPU.ActiveCfg = Release|Any CPU
		{9FDECFB9-F2BF-4B24-B19E-9DFAC03D62B1}.Release|Any CPU.Build.0 = Release|Any CPU
		{7F964B9A-A2C7-4BD6-BA7B-54C59E388BE3}.Debug|Any CPU.ActiveCfg = Debug|Any CPU
		{7F964B9A-A2C7-4BD6-BA7B-54C59E388BE3}.Debug|Any CPU.Build.0 = Debug|Any CPU
		{7F964B9A-A2C7-4BD6-BA7B-54C59E388BE3}.Release|Any CPU.ActiveCfg = Release|Any CPU
		{7F964B9A-A2C7-4BD6-BA7B-54C59E388BE3}.Release|Any CPU.Build.0 = Release|Any CPU
	EndGlobalSection
	GlobalSection(SolutionProperties) = preSolution
		HideSolutionNode = FALSE
	EndGlobalSection
	GlobalSection(ExtensibilityGlobals) = postSolution
		SolutionGuid = {D10A4F9A-C3D6-4804-B2A5-75F6928A6E64}
	EndGlobalSection
EndGlobal
